<?xml version="1.0" encoding="utf-8"?>
<Project ToolsVersion="4.0" xmlns="http://schemas.microsoft.com/developer/msbuild/2003">
  <ItemGroup>
    <Filter Include="소스 파일">
      <UniqueIdentifier>{4FC737F1-C7A5-4376-A066-2A32D752A2FF}</UniqueIdentifier>
      <Extensions>cpp;c;cc;cxx;c++;cppm;ixx;def;odl;idl;hpj;bat;asm;asmx</Extensions>
    </Filter>
    <Filter Include="헤더 파일">
      <UniqueIdentifier>{93995380-89BD-4b04-88EB-625FBE52EBFB}</UniqueIdentifier>
      <Extensions>h;hh;hpp;hxx;h++;hm;inl;inc;ipp;xsd</Extensions>
    </Filter>
    <Filter Include="리소스 파일">
      <UniqueIdentifier>{67DA6AB6-F800-4c08-8B7A-83BB121AAD01}</UniqueIdentifier>
      <Extensions>rc;ico;cur;bmp;dlg;rc2;rct;bin;rgs;gif;jpg;jpeg;jpe;resx;tiff;tif;png;wav;mfcribbon-ms</Extensions>
    </Filter>
  </ItemGroup>
  <ItemGroup>
    <ClCompile Include="ConsoleMiniGame.cpp">
      <Filter>소스 파일</Filter>
    </ClCompile>
    <ClCompile Include="Core\GameApplication.cpp">
      <Filter>소스 파일</Filter>
    </ClCompile>
    <ClCompile Include="Service\TimeService.cpp">
      <Filter>소스 파일</Filter>
    </ClCompile>
    <ClCompile Include="Service\InputService.cpp">
      <Filter>소스 파일</Filter>
    </ClCompile>
    <ClCompile Include="Service\ScreenService.cpp">
      <Filter>소스 파일</Filter>
    </ClCompile>
    <ClCompile Include="Core\GameMaster.cpp">
      <Filter>소스 파일</Filter>
    </ClCompile>
    <ClCompile Include="Main\ContentManager.cpp">
      <Filter>소스 파일</Filter>
    </ClCompile>
    <ClCompile Include="Main\HUD.cpp">
      <Filter>소스 파일</Filter>
    </ClCompile>
    <ClCompile Include="Main\Content\TitleContent.cpp">
      <Filter>소스 파일</Filter>
    </ClCompile>
    <ClCompile Include="Main\Content\TheSnake\SnakeContent.cpp">
      <Filter>소스 파일</Filter>
    </ClCompile>
    <ClCompile Include="Main\Content\TheSnake\SnakeRenderer.cpp">
      <Filter>소스 파일</Filter>
    </ClCompile>
    <ClCompile Include="Main\Content\TheSnake\SnakeGameState.cpp">
      <Filter>소스 파일</Filter>
    </ClCompile>
    <ClCompile Include="Main\Content\TheDungeon\DungeonContent.cpp">
      <Filter>소스 파일</Filter>
    </ClCompile>
    <ClCompile Include="Main\Content\TheDungeon\DungeonGameState.cpp">
      <Filter>소스 파일</Filter>
    </ClCompile>
    <ClCompile Include="Main\Content\TheDungeon\DungeonRenderer.cpp">
      <Filter>소스 파일</Filter>
    </ClCompile>
  </ItemGroup>
  <ItemGroup>
    <ClInclude Include="Core\GameApplication.h">
      <Filter>헤더 파일</Filter>
    </ClInclude>
    <ClInclude Include="Core\Common.h">
      <Filter>헤더 파일</Filter>
    </ClInclude>
    <ClInclude Include="Service\TimeService.h">
      <Filter>헤더 파일</Filter>
    </ClInclude>
    <ClInclude Include="Service\InputService.h">
      <Filter>헤더 파일</Filter>
    </ClInclude>
    <ClInclude Include="Core\Singleton.h">
      <Filter>헤더 파일</Filter>
    </ClInclude>
    <ClInclude Include="Service\ScreenService.h">
      <Filter>헤더 파일</Filter>
    </ClInclude>
    <ClInclude Include="Core\GameMaster.h">
      <Filter>헤더 파일</Filter>
    </ClInclude>
    <ClInclude Include="Main\IContent.h">
      <Filter>헤더 파일</Filter>
    </ClInclude>
    <ClInclude Include="Main\ContentManager.h">
      <Filter>헤더 파일</Filter>
    </ClInclude>
    <ClInclude Include="Main\HUD.h">
      <Filter>헤더 파일</Filter>
    </ClInclude>
    <ClInclude Include="Main\Content\TitleContent.h">
      <Filter>헤더 파일</Filter>
    </ClInclude>
    <ClInclude Include="Main\Content\TheSnake\SnakeContent.h">
      <Filter>헤더 파일</Filter>
    </ClInclude>
    <ClInclude Include="Main\Content\TheSnake\SnakeType.h">
      <Filter>헤더 파일</Filter>
    </ClInclude>
    <ClInclude Include="Main\Content\TheSnake\SnakeRenderer.h">
      <Filter>헤더 파일</Filter>
    </ClInclude>
    <ClInclude Include="Main\Content\TheSnake\SnakeGameState.h">
      <Filter>헤더 파일</Filter>
    </ClInclude>
    <ClInclude Include="Main\Content\TheDungeon\DungeonContent.h">
      <Filter>헤더 파일</Filter>
    </ClInclude>
    <ClInclude Include="Main\Content\TheDungeon\DungeonGameState.h">
      <Filter>헤더 파일</Filter>
    </ClInclude>
    <ClInclude Include="Main\Content\TheDungeon\DungeonRenderer.h">
      <Filter>헤더 파일</Filter>
    </ClInclude>
    <ClInclude Include="Main\Content\TheDungeon\DungeonContentType.h">
      <Filter>헤더 파일</Filter>
    </ClInclude>
  </ItemGroup>
</Project>